
Microsoft Visual Studio Solution File, Format Version 12.00
# Visual Studio Version 17
VisualStudioVersion = 17.0.31612.314
MinimumVisualStudioVersion = 10.0.40219.1
Project("{9A19103F-16F7-4668-BE54-9A1E7A4F7556}") = "Windows Build Identifier", "Windows Build Identifier\Windows Build Identifier.csproj", "{168469E5-B410-4B16-9480-596CC5862F54}"
EndProject
Project("{2150E333-8FDC-42A3-9474-1A3956D46DE8}") = "DiscUtils", "DiscUtils", "{E20ADC28-C578-4EF4-A6A2-18DCE2C40984}"
EndProject
Project("{9A19103F-16F7-4668-BE54-9A1E7A4F7556}") = "DiscUtils.Core", "DiscUtilsLibrary\DiscUtils.Core\DiscUtils.Core.csproj", "{1D40DF20-B233-4A06-965D-60C37410234D}"
EndProject
Project("{9A19103F-16F7-4668-BE54-9A1E7A4F7556}") = "DiscUtils.Ntfs", "DiscUtilsLibrary\DiscUtils.Ntfs\DiscUtils.Ntfs.csproj", "{9095333E-08E4-4C13-B556-20B5FDB9DB2A}"
EndProject
Project("{9A19103F-16F7-4668-BE54-9A1E7A4F7556}") = "DiscUtils.Fat", "DiscUtilsLibrary\DiscUtils.Fat\DiscUtils.Fat.csproj", "{300CB5E3-4B67-4CB9-95E7-B90063B517A2}"
EndProject
Project("{9A19103F-16F7-4668-BE54-9A1E7A4F7556}") = "DiscUtils.Vhdx", "DiscUtilsLibrary\DiscUtils.Vhdx\DiscUtils.Vhdx.csproj", "{C4E9425C-28E1-4DBF-9BF9-3303934D99BF}"
EndProject
Project("{9A19103F-16F7-4668-BE54-9A1E7A4F7556}") = "DiscUtils.Vhd", "DiscUtilsLibrary\DiscUtils.Vhd\DiscUtils.Vhd.csproj", "{635513F8-0DBD-40DA-A903-6A8060141355}"
EndProject
Project("{9A19103F-16F7-4668-BE54-9A1E7A4F7556}") = "DiscUtils.Xva", "DiscUtilsLibrary\DiscUtils.Xva\DiscUtils.Xva.csproj", "{66E1DB18-1109-470D-9D34-8F0535B868CC}"
EndProject
Project("{9A19103F-16F7-4668-BE54-9A1E7A4F7556}") = "DiscUtils.Wim", "DiscUtilsLibrary\DiscUtils.Wim\DiscUtils.Wim.csproj", "{0B5D5BAB-1078-438B-BE35-B8792DCED8D3}"
EndProject
Project("{9A19103F-16F7-4668-BE54-9A1E7A4F7556}") = "DiscUtils.Net", "DiscUtilsLibrary\DiscUtils.Net\DiscUtils.Net.csproj", "{129A4AB8-DD5A-4649-9444-BECF9A744576}"
EndProject
Project("{9A19103F-16F7-4668-BE54-9A1E7A4F7556}") = "DiscUtils.Vmdk", "DiscUtilsLibrary\DiscUtils.Vmdk\DiscUtils.Vmdk.csproj", "{F258C8A8-FCC6-4FB9-977F-E1153F29FF60}"
EndProject
Project("{9A19103F-16F7-4668-BE54-9A1E7A4F7556}") = "DiscUtils.Udf", "DiscUtilsLibrary\DiscUtils.Udf\DiscUtils.Udf.csproj", "{8DDA2119-BDFC-4497-8FC2-F5BA40351CD5}"
EndProject
Project("{9A19103F-16F7-4668-BE54-9A1E7A4F7556}") = "DiscUtils.OpticalDisk", "DiscUtilsLibrary\DiscUtils.OpticalDisk\DiscUtils.OpticalDisk.csproj", "{CBA7EC9A-05F6-4A5A-B759-467042EDC61C}"
EndProject
Project("{9A19103F-16F7-4668-BE54-9A1E7A4F7556}") = "DiscUtils.Iso9660", "DiscUtilsLibrary\DiscUtils.Iso9660\DiscUtils.Iso9660.csproj", "{1C0DD4D8-3DB3-4630-8253-EA8566686225}"
EndProject
Project("{9A19103F-16F7-4668-BE54-9A1E7A4F7556}") = "DiscUtils", "DiscUtilsLibrary\DiscUtils\DiscUtils.csproj", "{B32B821C-E6AA-4B26-8721-4CCE98C4180D}"
EndProject
Project("{9A19103F-16F7-4668-BE54-9A1E7A4F7556}") = "DiscUtils.FileSystems", "DiscUtilsLibrary\DiscUtils.FileSystems\DiscUtils.FileSystems.csproj", "{502B3303-640C-4176-9EB6-D48065B74D1C}"
EndProject
Project("{9A19103F-16F7-4668-BE54-9A1E7A4F7556}") = "DiscUtils.SquashFs", "DiscUtilsLibrary\DiscUtils.SquashFs\DiscUtils.SquashFs.csproj", "{15CF6728-7415-4B35-89B7-AC4B2397AB87}"
EndProject
Project("{9A19103F-16F7-4668-BE54-9A1E7A4F7556}") = "DiscUtils.HfsPlus", "DiscUtilsLibrary\DiscUtils.HfsPlus\DiscUtils.HfsPlus.csproj", "{44F65897-A810-44E0-87C8-A27EDB7F660E}"
EndProject
Project("{9A19103F-16F7-4668-BE54-9A1E7A4F7556}") = "DiscUtils.Vdi", "DiscUtilsLibrary\DiscUtils.Vdi\DiscUtils.Vdi.csproj", "{18C1D083-9326-4C11-B6BA-E05AD54FAC88}"
EndProject
Project("{9A19103F-16F7-4668-BE54-9A1E7A4F7556}") = "DiscUtils.Ext", "DiscUtilsLibrary\DiscUtils.Ext\DiscUtils.Ext.csproj", "{122743CF-4C7F-4B1B-8D45-D9F3264221EA}"
EndProject
Project("{9A19103F-16F7-4668-BE54-9A1E7A4F7556}") = "DiscUtils.Iscsi", "DiscUtilsLibrary\DiscUtils.Iscsi\DiscUtils.Iscsi.csproj", "{125BEE92-28AA-4812-B624-5BEEFC3539F3}"
EndProject
Project("{9A19103F-16F7-4668-BE54-9A1E7A4F7556}") = "DiscUtils.BootConfig", "DiscUtilsLibrary\DiscUtils.BootConfig\DiscUtils.BootConfig.csproj", "{234CBDA1-361F-4D60-81C2-48860C181036}"
EndProject
Project("{9A19103F-16F7-4668-BE54-9A1E7A4F7556}") = "DiscUtils.Registry", "DiscUtilsLibrary\DiscUtils.Registry\DiscUtils.Registry.csproj", "{BD86E3F8-850F-4F99-A387-1096505C3F39}"
EndProject
Project("{9A19103F-16F7-4668-BE54-9A1E7A4F7556}") = "DiscUtils.Nfs", "DiscUtilsLibrary\DiscUtils.Nfs\DiscUtils.Nfs.csproj", "{8EF4E7A9-7E9C-4C7C-A8A1-CFC49B139441}"
EndProject
Project("{9A19103F-16F7-4668-BE54-9A1E7A4F7556}") = "DiscUtils.Dmg", "DiscUtilsLibrary\DiscUtils.Dmg\DiscUtils.Dmg.csproj", "{EEC95FF7-8906-4A7D-BE8C-7D7374B31A0E}"
EndProject
Project("{9A19103F-16F7-4668-BE54-9A1E7A4F7556}") = "DiscUtils.Sdi", "DiscUtilsLibrary\DiscUtils.Sdi\DiscUtils.Sdi.csproj", "{7BA86AD5-108C-41AC-A970-48589B0C2988}"
EndProject
Project("{9A19103F-16F7-4668-BE54-9A1E7A4F7556}") = "DiscUtils.OpticalDiscSharing", "DiscUtilsLibrary\DiscUtils.OpticalDiscSharing\DiscUtils.OpticalDiscSharing.csproj", "{C65D14F5-2423-4CED-B741-68FAAAE6208A}"
EndProject
Project("{9A19103F-16F7-4668-BE54-9A1E7A4F7556}") = "DiscUtils.Transports", "DiscUtilsLibrary\DiscUtils.Transports\DiscUtils.Transports.csproj", "{385E6192-2A33-4E4A-BE2D-5002656308BE}"
EndProject
Project("{9A19103F-16F7-4668-BE54-9A1E7A4F7556}") = "DiscUtils.Containers", "DiscUtilsLibrary\DiscUtils.Containers\DiscUtils.Containers.csproj", "{63D52295-322F-4FFA-86B0-3BFC1A9E4C08}"
EndProject
Project("{9A19103F-16F7-4668-BE54-9A1E7A4F7556}") = "DiscUtils.Lvm", "DiscUtilsLibrary\DiscUtils.Lvm\DiscUtils.Lvm.csproj", "{21052963-1318-4623-821F-99FC6058C39E}"
EndProject
Project("{9A19103F-16F7-4668-BE54-9A1E7A4F7556}") = "DiscUtils.Xfs", "DiscUtilsLibrary\DiscUtils.Xfs\DiscUtils.Xfs.csproj", "{EBDD94BB-B59E-4F5D-8B65-362EE12C1F73}"
EndProject
Project("{9A19103F-16F7-4668-BE54-9A1E7A4F7556}") = "DiscUtils.Streams", "DiscUtilsLibrary\DiscUtils.Streams\DiscUtils.Streams.csproj", "{A17F10BD-E853-4397-8F2B-FC44431F63DF}"
EndProject
Project("{9A19103F-16F7-4668-BE54-9A1E7A4F7556}") = "DiscUtils.Swap", "DiscUtilsLibrary\DiscUtils.Swap\DiscUtils.Swap.csproj", "{FB283ACD-CADD-467E-A8FF-87A4B9061954}"
EndProject
Project("{9A19103F-16F7-4668-BE54-9A1E7A4F7556}") = "DiscUtils.Btrfs", "DiscUtilsLibrary\DiscUtils.Btrfs\DiscUtils.Btrfs.csproj", "{FAA5ADC9-49ED-4949-B53B-9EC93AE35893}"
EndProject
Global
	GlobalSection(SolutionConfigurationPlatforms) = preSolution
		Debug|Any CPU = Debug|Any CPU
		Debug|ARM32 = Debug|ARM32
		Debug|ARM64 = Debug|ARM64
		Debug|x64 = Debug|x64
		Debug|x86 = Debug|x86
		Release|Any CPU = Release|Any CPU
		Release|ARM32 = Release|ARM32
		Release|ARM64 = Release|ARM64
		Release|x64 = Release|x64
		Release|x86 = Release|x86
	EndGlobalSection
	GlobalSection(ProjectConfigurationPlatforms) = postSolution
		{168469E5-B410-4B16-9480-596CC5862F54}.Debug|Any CPU.ActiveCfg = Debug|Any CPU
		{168469E5-B410-4B16-9480-596CC5862F54}.Debug|Any CPU.Build.0 = Debug|Any CPU
		{168469E5-B410-4B16-9480-596CC5862F54}.Debug|ARM32.ActiveCfg = Debug|ARM32
		{168469E5-B410-4B16-9480-596CC5862F54}.Debug|ARM32.Build.0 = Debug|ARM32
		{168469E5-B410-4B16-9480-596CC5862F54}.Debug|ARM64.ActiveCfg = Debug|ARM64
		{168469E5-B410-4B16-9480-596CC5862F54}.Debug|ARM64.Build.0 = Debug|ARM64
		{168469E5-B410-4B16-9480-596CC5862F54}.Debug|x64.ActiveCfg = Debug|x64
		{168469E5-B410-4B16-9480-596CC5862F54}.Debug|x64.Build.0 = Debug|x64
		{168469E5-B410-4B16-9480-596CC5862F54}.Debug|x86.ActiveCfg = Debug|x86
		{168469E5-B410-4B16-9480-596CC5862F54}.Debug|x86.Build.0 = Debug|x86
		{168469E5-B410-4B16-9480-596CC5862F54}.Release|Any CPU.ActiveCfg = Release|Any CPU
		{168469E5-B410-4B16-9480-596CC5862F54}.Release|Any CPU.Build.0 = Release|Any CPU
		{168469E5-B410-4B16-9480-596CC5862F54}.Release|ARM32.ActiveCfg = Release|ARM32
		{168469E5-B410-4B16-9480-596CC5862F54}.Release|ARM32.Build.0 = Release|ARM32
		{168469E5-B410-4B16-9480-596CC5862F54}.Release|ARM64.ActiveCfg = Release|ARM64
		{168469E5-B410-4B16-9480-596CC5862F54}.Release|ARM64.Build.0 = Release|ARM64
		{168469E5-B410-4B16-9480-596CC5862F54}.Release|x64.ActiveCfg = Release|x64
		{168469E5-B410-4B16-9480-596CC5862F54}.Release|x64.Build.0 = Release|x64
		{168469E5-B410-4B16-9480-596CC5862F54}.Release|x86.ActiveCfg = Release|x86
		{168469E5-B410-4B16-9480-596CC5862F54}.Release|x86.Build.0 = Release|x86
		{1D40DF20-B233-4A06-965D-60C37410234D}.Debug|Any CPU.ActiveCfg = Debug|Any CPU
		{1D40DF20-B233-4A06-965D-60C37410234D}.Debug|Any CPU.Build.0 = Debug|Any CPU
		{1D40DF20-B233-4A06-965D-60C37410234D}.Debug|ARM32.ActiveCfg = Debug|Any CPU
		{1D40DF20-B233-4A06-965D-60C37410234D}.Debug|ARM32.Build.0 = Debug|Any CPU
		{1D40DF20-B233-4A06-965D-60C37410234D}.Debug|ARM64.ActiveCfg = Debug|Any CPU
		{1D40DF20-B233-4A06-965D-60C37410234D}.Debug|ARM64.Build.0 = Debug|Any CPU
		{1D40DF20-B233-4A06-965D-60C37410234D}.Debug|x64.ActiveCfg = Debug|x64
		{1D40DF20-B233-4A06-965D-60C37410234D}.Debug|x64.Build.0 = Debug|x64
		{1D40DF20-B233-4A06-965D-60C37410234D}.Debug|x86.ActiveCfg = Debug|x86
		{1D40DF20-B233-4A06-965D-60C37410234D}.Debug|x86.Build.0 = Debug|x86
		{1D40DF20-B233-4A06-965D-60C37410234D}.Release|Any CPU.ActiveCfg = Release|Any CPU
		{1D40DF20-B233-4A06-965D-60C37410234D}.Release|Any CPU.Build.0 = Release|Any CPU
		{1D40DF20-B233-4A06-965D-60C37410234D}.Release|ARM32.ActiveCfg = Release|Any CPU
		{1D40DF20-B233-4A06-965D-60C37410234D}.Release|ARM32.Build.0 = Release|Any CPU
		{1D40DF20-B233-4A06-965D-60C37410234D}.Release|ARM64.ActiveCfg = Release|Any CPU
		{1D40DF20-B233-4A06-965D-60C37410234D}.Release|ARM64.Build.0 = Release|Any CPU
		{1D40DF20-B233-4A06-965D-60C37410234D}.Release|x64.ActiveCfg = Release|x64
		{1D40DF20-B233-4A06-965D-60C37410234D}.Release|x64.Build.0 = Release|x64
		{1D40DF20-B233-4A06-965D-60C37410234D}.Release|x86.ActiveCfg = Release|x86
		{1D40DF20-B233-4A06-965D-60C37410234D}.Release|x86.Build.0 = Release|x86
		{9095333E-08E4-4C13-B556-20B5FDB9DB2A}.Debug|Any CPU.ActiveCfg = Debug|Any CPU
		{9095333E-08E4-4C13-B556-20B5FDB9DB2A}.Debug|Any CPU.Build.0 = Debug|Any CPU
		{9095333E-08E4-4C13-B556-20B5FDB9DB2A}.Debug|ARM32.ActiveCfg = Debug|Any CPU
		{9095333E-08E4-4C13-B556-20B5FDB9DB2A}.Debug|ARM32.Build.0 = Debug|Any CPU
		{9095333E-08E4-4C13-B556-20B5FDB9DB2A}.Debug|ARM64.ActiveCfg = Debug|Any CPU
		{9095333E-08E4-4C13-B556-20B5FDB9DB2A}.Debug|ARM64.Build.0 = Debug|Any CPU
		{9095333E-08E4-4C13-B556-20B5FDB9DB2A}.Debug|x64.ActiveCfg = Debug|x64
		{9095333E-08E4-4C13-B556-20B5FDB9DB2A}.Debug|x64.Build.0 = Debug|x64
		{9095333E-08E4-4C13-B556-20B5FDB9DB2A}.Debug|x86.ActiveCfg = Debug|x86
		{9095333E-08E4-4C13-B556-20B5FDB9DB2A}.Debug|x86.Build.0 = Debug|x86
		{9095333E-08E4-4C13-B556-20B5FDB9DB2A}.Release|Any CPU.ActiveCfg = Release|Any CPU
		{9095333E-08E4-4C13-B556-20B5FDB9DB2A}.Release|Any CPU.Build.0 = Release|Any CPU
		{9095333E-08E4-4C13-B556-20B5FDB9DB2A}.Release|ARM32.ActiveCfg = Release|Any CPU
		{9095333E-08E4-4C13-B556-20B5FDB9DB2A}.Release|ARM32.Build.0 = Release|Any CPU
		{9095333E-08E4-4C13-B556-20B5FDB9DB2A}.Release|ARM64.ActiveCfg = Release|Any CPU
		{9095333E-08E4-4C13-B556-20B5FDB9DB2A}.Release|ARM64.Build.0 = Release|Any CPU
		{9095333E-08E4-4C13-B556-20B5FDB9DB2A}.Release|x64.ActiveCfg = Release|x64
		{9095333E-08E4-4C13-B556-20B5FDB9DB2A}.Release|x64.Build.0 = Release|x64
		{9095333E-08E4-4C13-B556-20B5FDB9DB2A}.Release|x86.ActiveCfg = Release|x86
		{9095333E-08E4-4C13-B556-20B5FDB9DB2A}.Release|x86.Build.0 = Release|x86
		{300CB5E3-4B67-4CB9-95E7-B90063B517A2}.Debug|Any CPU.ActiveCfg = Debug|Any CPU
		{300CB5E3-4B67-4CB9-95E7-B90063B517A2}.Debug|Any CPU.Build.0 = Debug|Any CPU
		{300CB5E3-4B67-4CB9-95E7-B90063B517A2}.Debug|ARM32.ActiveCfg = Debug|Any CPU
		{300CB5E3-4B67-4CB9-95E7-B90063B517A2}.Debug|ARM32.Build.0 = Debug|Any CPU
		{300CB5E3-4B67-4CB9-95E7-B90063B517A2}.Debug|ARM64.ActiveCfg = Debug|Any CPU
		{300CB5E3-4B67-4CB9-95E7-B90063B517A2}.Debug|ARM64.Build.0 = Debug|Any CPU
		{300CB5E3-4B67-4CB9-95E7-B90063B517A2}.Debug|x64.ActiveCfg = Debug|x64
		{300CB5E3-4B67-4CB9-95E7-B90063B517A2}.Debug|x64.Build.0 = Debug|x64
		{300CB5E3-4B67-4CB9-95E7-B90063B517A2}.Debug|x86.ActiveCfg = Debug|x86
		{300CB5E3-4B67-4CB9-95E7-B90063B517A2}.Debug|x86.Build.0 = Debug|x86
		{300CB5E3-4B67-4CB9-95E7-B90063B517A2}.Release|Any CPU.ActiveCfg = Release|Any CPU
		{300CB5E3-4B67-4CB9-95E7-B90063B517A2}.Release|Any CPU.Build.0 = Release|Any CPU
		{300CB5E3-4B67-4CB9-95E7-B90063B517A2}.Release|ARM32.ActiveCfg = Release|Any CPU
		{300CB5E3-4B67-4CB9-95E7-B90063B517A2}.Release|ARM32.Build.0 = Release|Any CPU
		{300CB5E3-4B67-4CB9-95E7-B90063B517A2}.Release|ARM64.ActiveCfg = Release|Any CPU
		{300CB5E3-4B67-4CB9-95E7-B90063B517A2}.Release|ARM64.Build.0 = Release|Any CPU
		{300CB5E3-4B67-4CB9-95E7-B90063B517A2}.Release|x64.ActiveCfg = Release|x64
		{300CB5E3-4B67-4CB9-95E7-B90063B517A2}.Release|x64.Build.0 = Release|x64
		{300CB5E3-4B67-4CB9-95E7-B90063B517A2}.Release|x86.ActiveCfg = Release|x86
		{300CB5E3-4B67-4CB9-95E7-B90063B517A2}.Release|x86.Build.0 = Release|x86
		{C4E9425C-28E1-4DBF-9BF9-3303934D99BF}.Debug|Any CPU.ActiveCfg = Debug|Any CPU
		{C4E9425C-28E1-4DBF-9BF9-3303934D99BF}.Debug|Any CPU.Build.0 = Debug|Any CPU
		{C4E9425C-28E1-4DBF-9BF9-3303934D99BF}.Debug|ARM32.ActiveCfg = Debug|Any CPU
		{C4E9425C-28E1-4DBF-9BF9-3303934D99BF}.Debug|ARM32.Build.0 = Debug|Any CPU
		{C4E9425C-28E1-4DBF-9BF9-3303934D99BF}.Debug|ARM64.ActiveCfg = Debug|Any CPU
		{C4E9425C-28E1-4DBF-9BF9-3303934D99BF}.Debug|ARM64.Build.0 = Debug|Any CPU
		{C4E9425C-28E1-4DBF-9BF9-3303934D99BF}.Debug|x64.ActiveCfg = Debug|x64
		{C4E9425C-28E1-4DBF-9BF9-3303934D99BF}.Debug|x64.Build.0 = Debug|x64
		{C4E9425C-28E1-4DBF-9BF9-3303934D99BF}.Debug|x86.ActiveCfg = Debug|x86
		{C4E9425C-28E1-4DBF-9BF9-3303934D99BF}.Debug|x86.Build.0 = Debug|x86
		{C4E9425C-28E1-4DBF-9BF9-3303934D99BF}.Release|Any CPU.ActiveCfg = Release|Any CPU
		{C4E9425C-28E1-4DBF-9BF9-3303934D99BF}.Release|Any CPU.Build.0 = Release|Any CPU
		{C4E9425C-28E1-4DBF-9BF9-3303934D99BF}.Release|ARM32.ActiveCfg = Release|Any CPU
		{C4E9425C-28E1-4DBF-9BF9-3303934D99BF}.Release|ARM32.Build.0 = Release|Any CPU
		{C4E9425C-28E1-4DBF-9BF9-3303934D99BF}.Release|ARM64.ActiveCfg = Release|Any CPU
		{C4E9425C-28E1-4DBF-9BF9-3303934D99BF}.Release|ARM64.Build.0 = Release|Any CPU
		{C4E9425C-28E1-4DBF-9BF9-3303934D99BF}.Release|x64.ActiveCfg = Release|x64
		{C4E9425C-28E1-4DBF-9BF9-3303934D99BF}.Release|x64.Build.0 = Release|x64
		{C4E9425C-28E1-4DBF-9BF9-3303934D99BF}.Release|x86.ActiveCfg = Release|x86
		{C4E9425C-28E1-4DBF-9BF9-3303934D99BF}.Release|x86.Build.0 = Release|x86
		{635513F8-0DBD-40DA-A903-6A8060141355}.Debug|Any CPU.ActiveCfg = Debug|Any CPU
		{635513F8-0DBD-40DA-A903-6A8060141355}.Debug|Any CPU.Build.0 = Debug|Any CPU
		{635513F8-0DBD-40DA-A903-6A8060141355}.Debug|ARM32.ActiveCfg = Debug|Any CPU
		{635513F8-0DBD-40DA-A903-6A8060141355}.Debug|ARM32.Build.0 = Debug|Any CPU
		{635513F8-0DBD-40DA-A903-6A8060141355}.Debug|ARM64.ActiveCfg = Debug|Any CPU
		{635513F8-0DBD-40DA-A903-6A8060141355}.Debug|ARM64.Build.0 = Debug|Any CPU
		{635513F8-0DBD-40DA-A903-6A8060141355}.Debug|x64.ActiveCfg = Debug|x64
		{635513F8-0DBD-40DA-A903-6A8060141355}.Debug|x64.Build.0 = Debug|x64
		{635513F8-0DBD-40DA-A903-6A8060141355}.Debug|x86.ActiveCfg = Debug|x86
		{635513F8-0DBD-40DA-A903-6A8060141355}.Debug|x86.Build.0 = Debug|x86
		{635513F8-0DBD-40DA-A903-6A8060141355}.Release|Any CPU.ActiveCfg = Release|Any CPU
		{635513F8-0DBD-40DA-A903-6A8060141355}.Release|Any CPU.Build.0 = Release|Any CPU
		{635513F8-0DBD-40DA-A903-6A8060141355}.Release|ARM32.ActiveCfg = Release|Any CPU
		{635513F8-0DBD-40DA-A903-6A8060141355}.Release|ARM32.Build.0 = Release|Any CPU
		{635513F8-0DBD-40DA-A903-6A8060141355}.Release|ARM64.ActiveCfg = Release|Any CPU
		{635513F8-0DBD-40DA-A903-6A8060141355}.Release|ARM64.Build.0 = Release|Any CPU
		{635513F8-0DBD-40DA-A903-6A8060141355}.Release|x64.ActiveCfg = Release|x64
		{635513F8-0DBD-40DA-A903-6A8060141355}.Release|x64.Build.0 = Release|x64
		{635513F8-0DBD-40DA-A903-6A8060141355}.Release|x86.ActiveCfg = Release|x86
		{635513F8-0DBD-40DA-A903-6A8060141355}.Release|x86.Build.0 = Release|x86
		{66E1DB18-1109-470D-9D34-8F0535B868CC}.Debug|Any CPU.ActiveCfg = Debug|Any CPU
		{66E1DB18-1109-470D-9D34-8F0535B868CC}.Debug|Any CPU.Build.0 = Debug|Any CPU
		{66E1DB18-1109-470D-9D34-8F0535B868CC}.Debug|ARM32.ActiveCfg = Debug|Any CPU
		{66E1DB18-1109-470D-9D34-8F0535B868CC}.Debug|ARM32.Build.0 = Debug|Any CPU
		{66E1DB18-1109-470D-9D34-8F0535B868CC}.Debug|ARM64.ActiveCfg = Debug|Any CPU
		{66E1DB18-1109-470D-9D34-8F0535B868CC}.Debug|ARM64.Build.0 = Debug|Any CPU
		{66E1DB18-1109-470D-9D34-8F0535B868CC}.Debug|x64.ActiveCfg = Debug|x64
		{66E1DB18-1109-470D-9D34-8F0535B868CC}.Debug|x64.Build.0 = Debug|x64
		{66E1DB18-1109-470D-9D34-8F0535B868CC}.Debug|x86.ActiveCfg = Debug|x86
		{66E1DB18-1109-470D-9D34-8F0535B868CC}.Debug|x86.Build.0 = Debug|x86
		{66E1DB18-1109-470D-9D34-8F0535B868CC}.Release|Any CPU.ActiveCfg = Release|Any CPU
		{66E1DB18-1109-470D-9D34-8F0535B868CC}.Release|Any CPU.Build.0 = Release|Any CPU
		{66E1DB18-1109-470D-9D34-8F0535B868CC}.Release|ARM32.ActiveCfg = Release|Any CPU
		{66E1DB18-1109-470D-9D34-8F0535B868CC}.Release|ARM32.Build.0 = Release|Any CPU
		{66E1DB18-1109-470D-9D34-8F0535B868CC}.Release|ARM64.ActiveCfg = Release|Any CPU
		{66E1DB18-1109-470D-9D34-8F0535B868CC}.Release|ARM64.Build.0 = Release|Any CPU
		{66E1DB18-1109-470D-9D34-8F0535B868CC}.Release|x64.ActiveCfg = Release|x64
		{66E1DB18-1109-470D-9D34-8F0535B868CC}.Release|x64.Build.0 = Release|x64
		{66E1DB18-1109-470D-9D34-8F0535B868CC}.Release|x86.ActiveCfg = Release|x86
		{66E1DB18-1109-470D-9D34-8F0535B868CC}.Release|x86.Build.0 = Release|x86
		{0B5D5BAB-1078-438B-BE35-B8792DCED8D3}.Debug|Any CPU.ActiveCfg = Debug|Any CPU
		{0B5D5BAB-1078-438B-BE35-B8792DCED8D3}.Debug|Any CPU.Build.0 = Debug|Any CPU
		{0B5D5BAB-1078-438B-BE35-B8792DCED8D3}.Debug|ARM32.ActiveCfg = Debug|Any CPU
		{0B5D5BAB-1078-438B-BE35-B8792DCED8D3}.Debug|ARM32.Build.0 = Debug|Any CPU
		{0B5D5BAB-1078-438B-BE35-B8792DCED8D3}.Debug|ARM64.ActiveCfg = Debug|Any CPU
		{0B5D5BAB-1078-438B-BE35-B8792DCED8D3}.Debug|ARM64.Build.0 = Debug|Any CPU
		{0B5D5BAB-1078-438B-BE35-B8792DCED8D3}.Debug|x64.ActiveCfg = Debug|x64
		{0B5D5BAB-1078-438B-BE35-B8792DCED8D3}.Debug|x64.Build.0 = Debug|x64
		{0B5D5BAB-1078-438B-BE35-B8792DCED8D3}.Debug|x86.ActiveCfg = Debug|x86
		{0B5D5BAB-1078-438B-BE35-B8792DCED8D3}.Debug|x86.Build.0 = Debug|x86
		{0B5D5BAB-1078-438B-BE35-B8792DCED8D3}.Release|Any CPU.ActiveCfg = Release|Any CPU
		{0B5D5BAB-1078-438B-BE35-B8792DCED8D3}.Release|Any CPU.Build.0 = Release|Any CPU
		{0B5D5BAB-1078-438B-BE35-B8792DCED8D3}.Release|ARM32.ActiveCfg = Release|Any CPU
		{0B5D5BAB-1078-438B-BE35-B8792DCED8D3}.Release|ARM32.Build.0 = Release|Any CPU
		{0B5D5BAB-1078-438B-BE35-B8792DCED8D3}.Release|ARM64.ActiveCfg = Release|Any CPU
		{0B5D5BAB-1078-438B-BE35-B8792DCED8D3}.Release|ARM64.Build.0 = Release|Any CPU
		{0B5D5BAB-1078-438B-BE35-B8792DCED8D3}.Release|x64.ActiveCfg = Release|x64
		{0B5D5BAB-1078-438B-BE35-B8792DCED8D3}.Release|x64.Build.0 = Release|x64
		{0B5D5BAB-1078-438B-BE35-B8792DCED8D3}.Release|x86.ActiveCfg = Release|x86
		{0B5D5BAB-1078-438B-BE35-B8792DCED8D3}.Release|x86.Build.0 = Release|x86
		{129A4AB8-DD5A-4649-9444-BECF9A744576}.Debug|Any CPU.ActiveCfg = Debug|Any CPU
		{129A4AB8-DD5A-4649-9444-BECF9A744576}.Debug|Any CPU.Build.0 = Debug|Any CPU
		{129A4AB8-DD5A-4649-9444-BECF9A744576}.Debug|ARM32.ActiveCfg = Debug|Any CPU
		{129A4AB8-DD5A-4649-9444-BECF9A744576}.Debug|ARM32.Build.0 = Debug|Any CPU
		{129A4AB8-DD5A-4649-9444-BECF9A744576}.Debug|ARM64.ActiveCfg = Debug|Any CPU
		{129A4AB8-DD5A-4649-9444-BECF9A744576}.Debug|ARM64.Build.0 = Debug|Any CPU
		{129A4AB8-DD5A-4649-9444-BECF9A744576}.Debug|x64.ActiveCfg = Debug|x64
		{129A4AB8-DD5A-4649-9444-BECF9A744576}.Debug|x64.Build.0 = Debug|x64
		{129A4AB8-DD5A-4649-9444-BECF9A744576}.Debug|x86.ActiveCfg = Debug|x86
		{129A4AB8-DD5A-4649-9444-BECF9A744576}.Debug|x86.Build.0 = Debug|x86
		{129A4AB8-DD5A-4649-9444-BECF9A744576}.Release|Any CPU.ActiveCfg = Release|Any CPU
		{129A4AB8-DD5A-4649-9444-BECF9A744576}.Release|Any CPU.Build.0 = Release|Any CPU
		{129A4AB8-DD5A-4649-9444-BECF9A744576}.Release|ARM32.ActiveCfg = Release|Any CPU
		{129A4AB8-DD5A-4649-9444-BECF9A744576}.Release|ARM32.Build.0 = Release|Any CPU
		{129A4AB8-DD5A-4649-9444-BECF9A744576}.Release|ARM64.ActiveCfg = Release|Any CPU
		{129A4AB8-DD5A-4649-9444-BECF9A744576}.Release|ARM64.Build.0 = Release|Any CPU
		{129A4AB8-DD5A-4649-9444-BECF9A744576}.Release|x64.ActiveCfg = Release|x64
		{129A4AB8-DD5A-4649-9444-BECF9A744576}.Release|x64.Build.0 = Release|x64
		{129A4AB8-DD5A-4649-9444-BECF9A744576}.Release|x86.ActiveCfg = Release|x86
		{129A4AB8-DD5A-4649-9444-BECF9A744576}.Release|x86.Build.0 = Release|x86
		{F258C8A8-FCC6-4FB9-977F-E1153F29FF60}.Debug|Any CPU.ActiveCfg = Debug|Any CPU
		{F258C8A8-FCC6-4FB9-977F-E1153F29FF60}.Debug|Any CPU.Build.0 = Debug|Any CPU
		{F258C8A8-FCC6-4FB9-977F-E1153F29FF60}.Debug|ARM32.ActiveCfg = Debug|Any CPU
		{F258C8A8-FCC6-4FB9-977F-E1153F29FF60}.Debug|ARM32.Build.0 = Debug|Any CPU
		{F258C8A8-FCC6-4FB9-977F-E1153F29FF60}.Debug|ARM64.ActiveCfg = Debug|Any CPU
		{F258C8A8-FCC6-4FB9-977F-E1153F29FF60}.Debug|ARM64.Build.0 = Debug|Any CPU
		{F258C8A8-FCC6-4FB9-977F-E1153F29FF60}.Debug|x64.ActiveCfg = Debug|x64
		{F258C8A8-FCC6-4FB9-977F-E1153F29FF60}.Debug|x64.Build.0 = Debug|x64
		{F258C8A8-FCC6-4FB9-977F-E1153F29FF60}.Debug|x86.ActiveCfg = Debug|x86
		{F258C8A8-FCC6-4FB9-977F-E1153F29FF60}.Debug|x86.Build.0 = Debug|x86
		{F258C8A8-FCC6-4FB9-977F-E1153F29FF60}.Release|Any CPU.ActiveCfg = Release|Any CPU
		{F258C8A8-FCC6-4FB9-977F-E1153F29FF60}.Release|Any CPU.Build.0 = Release|Any CPU
		{F258C8A8-FCC6-4FB9-977F-E1153F29FF60}.Release|ARM32.ActiveCfg = Release|Any CPU
		{F258C8A8-FCC6-4FB9-977F-E1153F29FF60}.Release|ARM32.Build.0 = Release|Any CPU
		{F258C8A8-FCC6-4FB9-977F-E1153F29FF60}.Release|ARM64.ActiveCfg = Release|Any CPU
		{F258C8A8-FCC6-4FB9-977F-E1153F29FF60}.Release|ARM64.Build.0 = Release|Any CPU
		{F258C8A8-FCC6-4FB9-977F-E1153F29FF60}.Release|x64.ActiveCfg = Release|x64
		{F258C8A8-FCC6-4FB9-977F-E1153F29FF60}.Release|x64.Build.0 = Release|x64
		{F258C8A8-FCC6-4FB9-977F-E1153F29FF60}.Release|x86.ActiveCfg = Release|x86
		{F258C8A8-FCC6-4FB9-977F-E1153F29FF60}.Release|x86.Build.0 = Release|x86
		{8DDA2119-BDFC-4497-8FC2-F5BA40351CD5}.Debug|Any CPU.ActiveCfg = Debug|Any CPU
		{8DDA2119-BDFC-4497-8FC2-F5BA40351CD5}.Debug|Any CPU.Build.0 = Debug|Any CPU
		{8DDA2119-BDFC-4497-8FC2-F5BA40351CD5}.Debug|ARM32.ActiveCfg = Debug|Any CPU
		{8DDA2119-BDFC-4497-8FC2-F5BA40351CD5}.Debug|ARM32.Build.0 = Debug|Any CPU
		{8DDA2119-BDFC-4497-8FC2-F5BA40351CD5}.Debug|ARM64.ActiveCfg = Debug|Any CPU
		{8DDA2119-BDFC-4497-8FC2-F5BA40351CD5}.Debug|ARM64.Build.0 = Debug|Any CPU
		{8DDA2119-BDFC-4497-8FC2-F5BA40351CD5}.Debug|x64.ActiveCfg = Debug|x64
		{8DDA2119-BDFC-4497-8FC2-F5BA40351CD5}.Debug|x64.Build.0 = Debug|x64
		{8DDA2119-BDFC-4497-8FC2-F5BA40351CD5}.Debug|x86.ActiveCfg = Debug|x86
		{8DDA2119-BDFC-4497-8FC2-F5BA40351CD5}.Debug|x86.Build.0 = Debug|x86
		{8DDA2119-BDFC-4497-8FC2-F5BA40351CD5}.Release|Any CPU.ActiveCfg = Release|Any CPU
		{8DDA2119-BDFC-4497-8FC2-F5BA40351CD5}.Release|Any CPU.Build.0 = Release|Any CPU
		{8DDA2119-BDFC-4497-8FC2-F5BA40351CD5}.Release|ARM32.ActiveCfg = Release|Any CPU
		{8DDA2119-BDFC-4497-8FC2-F5BA40351CD5}.Release|ARM32.Build.0 = Release|Any CPU
		{8DDA2119-BDFC-4497-8FC2-F5BA40351CD5}.Release|ARM64.ActiveCfg = Release|Any CPU
		{8DDA2119-BDFC-4497-8FC2-F5BA40351CD5}.Release|ARM64.Build.0 = Release|Any CPU
		{8DDA2119-BDFC-4497-8FC2-F5BA40351CD5}.Release|x64.ActiveCfg = Release|x64
		{8DDA2119-BDFC-4497-8FC2-F5BA40351CD5}.Release|x64.Build.0 = Release|x64
		{8DDA2119-BDFC-4497-8FC2-F5BA40351CD5}.Release|x86.ActiveCfg = Release|x86
		{8DDA2119-BDFC-4497-8FC2-F5BA40351CD5}.Release|x86.Build.0 = Release|x86
		{CBA7EC9A-05F6-4A5A-B759-467042EDC61C}.Debug|Any CPU.ActiveCfg = Debug|Any CPU
		{CBA7EC9A-05F6-4A5A-B759-467042EDC61C}.Debug|Any CPU.Build.0 = Debug|Any CPU
		{CBA7EC9A-05F6-4A5A-B759-467042EDC61C}.Debug|ARM32.ActiveCfg = Debug|Any CPU
		{CBA7EC9A-05F6-4A5A-B759-467042EDC61C}.Debug|ARM32.Build.0 = Debug|Any CPU
		{CBA7EC9A-05F6-4A5A-B759-467042EDC61C}.Debug|ARM64.ActiveCfg = Debug|Any CPU
		{CBA7EC9A-05F6-4A5A-B759-467042EDC61C}.Debug|ARM64.Build.0 = Debug|Any CPU
		{CBA7EC9A-05F6-4A5A-B759-467042EDC61C}.Debug|x64.ActiveCfg = Debug|x64
		{CBA7EC9A-05F6-4A5A-B759-467042EDC61C}.Debug|x64.Build.0 = Debug|x64
		{CBA7EC9A-05F6-4A5A-B759-467042EDC61C}.Debug|x86.ActiveCfg = Debug|x86
		{CBA7EC9A-05F6-4A5A-B759-467042EDC61C}.Debug|x86.Build.0 = Debug|x86
		{CBA7EC9A-05F6-4A5A-B759-467042EDC61C}.Release|Any CPU.ActiveCfg = Release|Any CPU
		{CBA7EC9A-05F6-4A5A-B759-467042EDC61C}.Release|Any CPU.Build.0 = Release|Any CPU
		{CBA7EC9A-05F6-4A5A-B759-467042EDC61C}.Release|ARM32.ActiveCfg = Release|Any CPU
		{CBA7EC9A-05F6-4A5A-B759-467042EDC61C}.Release|ARM32.Build.0 = Release|Any CPU
		{CBA7EC9A-05F6-4A5A-B759-467042EDC61C}.Release|ARM64.ActiveCfg = Release|Any CPU
		{CBA7EC9A-05F6-4A5A-B759-467042EDC61C}.Release|ARM64.Build.0 = Release|Any CPU
		{CBA7EC9A-05F6-4A5A-B759-467042EDC61C}.Release|x64.ActiveCfg = Release|x64
		{CBA7EC9A-05F6-4A5A-B759-467042EDC61C}.Release|x64.Build.0 = Release|x64
		{CBA7EC9A-05F6-4A5A-B759-467042EDC61C}.Release|x86.ActiveCfg = Release|x86
		{CBA7EC9A-05F6-4A5A-B759-467042EDC61C}.Release|x86.Build.0 = Release|x86
		{1C0DD4D8-3DB3-4630-8253-EA8566686225}.Debug|Any CPU.ActiveCfg = Debug|Any CPU
		{1C0DD4D8-3DB3-4630-8253-EA8566686225}.Debug|Any CPU.Build.0 = Debug|Any CPU
		{1C0DD4D8-3DB3-4630-8253-EA8566686225}.Debug|ARM32.ActiveCfg = Debug|Any CPU
		{1C0DD4D8-3DB3-4630-8253-EA8566686225}.Debug|ARM32.Build.0 = Debug|Any CPU
		{1C0DD4D8-3DB3-4630-8253-EA8566686225}.Debug|ARM64.ActiveCfg = Debug|Any CPU
		{1C0DD4D8-3DB3-4630-8253-EA8566686225}.Debug|ARM64.Build.0 = Debug|Any CPU
		{1C0DD4D8-3DB3-4630-8253-EA8566686225}.Debug|x64.ActiveCfg = Debug|x64
		{1C0DD4D8-3DB3-4630-8253-EA8566686225}.Debug|x64.Build.0 = Debug|x64
		{1C0DD4D8-3DB3-4630-8253-EA8566686225}.Debug|x86.ActiveCfg = Debug|x86
		{1C0DD4D8-3DB3-4630-8253-EA8566686225}.Debug|x86.Build.0 = Debug|x86
		{1C0DD4D8-3DB3-4630-8253-EA8566686225}.Release|Any CPU.ActiveCfg = Release|Any CPU
		{1C0DD4D8-3DB3-4630-8253-EA8566686225}.Release|Any CPU.Build.0 = Release|Any CPU
		{1C0DD4D8-3DB3-4630-8253-EA8566686225}.Release|ARM32.ActiveCfg = Release|Any CPU
		{1C0DD4D8-3DB3-4630-8253-EA8566686225}.Release|ARM32.Build.0 = Release|Any CPU
		{1C0DD4D8-3DB3-4630-8253-EA8566686225}.Release|ARM64.ActiveCfg = Release|Any CPU
		{1C0DD4D8-3DB3-4630-8253-EA8566686225}.Release|ARM64.Build.0 = Release|Any CPU
		{1C0DD4D8-3DB3-4630-8253-EA8566686225}.Release|x64.ActiveCfg = Release|x64
		{1C0DD4D8-3DB3-4630-8253-EA8566686225}.Release|x64.Build.0 = Release|x64
		{1C0DD4D8-3DB3-4630-8253-EA8566686225}.Release|x86.ActiveCfg = Release|x86
		{1C0DD4D8-3DB3-4630-8253-EA8566686225}.Release|x86.Build.0 = Release|x86
		{B32B821C-E6AA-4B26-8721-4CCE98C4180D}.Debug|Any CPU.ActiveCfg = Debug|Any CPU
		{B32B821C-E6AA-4B26-8721-4CCE98C4180D}.Debug|Any CPU.Build.0 = Debug|Any CPU
		{B32B821C-E6AA-4B26-8721-4CCE98C4180D}.Debug|ARM32.ActiveCfg = Debug|Any CPU
		{B32B821C-E6AA-4B26-8721-4CCE98C4180D}.Debug|ARM32.Build.0 = Debug|Any CPU
		{B32B821C-E6AA-4B26-8721-4CCE98C4180D}.Debug|ARM64.ActiveCfg = Debug|Any CPU
		{B32B821C-E6AA-4B26-8721-4CCE98C4180D}.Debug|ARM64.Build.0 = Debug|Any CPU
		{B32B821C-E6AA-4B26-8721-4CCE98C4180D}.Debug|x64.ActiveCfg = Debug|x64
		{B32B821C-E6AA-4B26-8721-4CCE98C4180D}.Debug|x64.Build.0 = Debug|x64
		{B32B821C-E6AA-4B26-8721-4CCE98C4180D}.Debug|x86.ActiveCfg = Debug|Any CPU
		{B32B821C-E6AA-4B26-8721-4CCE98C4180D}.Debug|x86.Build.0 = Debug|Any CPU
		{B32B821C-E6AA-4B26-8721-4CCE98C4180D}.Release|Any CPU.ActiveCfg = Release|Any CPU
		{B32B821C-E6AA-4B26-8721-4CCE98C4180D}.Release|Any CPU.Build.0 = Release|Any CPU
		{B32B821C-E6AA-4B26-8721-4CCE98C4180D}.Release|ARM32.ActiveCfg = Release|Any CPU
		{B32B821C-E6AA-4B26-8721-4CCE98C4180D}.Release|ARM32.Build.0 = Release|Any CPU
		{B32B821C-E6AA-4B26-8721-4CCE98C4180D}.Release|ARM64.ActiveCfg = Release|Any CPU
		{B32B821C-E6AA-4B26-8721-4CCE98C4180D}.Release|ARM64.Build.0 = Release|Any CPU
		{B32B821C-E6AA-4B26-8721-4CCE98C4180D}.Release|x64.ActiveCfg = Release|x64
		{B32B821C-E6AA-4B26-8721-4CCE98C4180D}.Release|x64.Build.0 = Release|x64
		{B32B821C-E6AA-4B26-8721-4CCE98C4180D}.Release|x86.ActiveCfg = Release|Any CPU
		{B32B821C-E6AA-4B26-8721-4CCE98C4180D}.Release|x86.Build.0 = Release|Any CPU
		{502B3303-640C-4176-9EB6-D48065B74D1C}.Debug|Any CPU.ActiveCfg = Debug|Any CPU
		{502B3303-640C-4176-9EB6-D48065B74D1C}.Debug|Any CPU.Build.0 = Debug|Any CPU
		{502B3303-640C-4176-9EB6-D48065B74D1C}.Debug|ARM32.ActiveCfg = Debug|Any CPU
		{502B3303-640C-4176-9EB6-D48065B74D1C}.Debug|ARM32.Build.0 = Debug|Any CPU
		{502B3303-640C-4176-9EB6-D48065B74D1C}.Debug|ARM64.ActiveCfg = Debug|Any CPU
		{502B3303-640C-4176-9EB6-D48065B74D1C}.Debug|ARM64.Build.0 = Debug|Any CPU
		{502B3303-640C-4176-9EB6-D48065B74D1C}.Debug|x64.ActiveCfg = Debug|x64
		{502B3303-640C-4176-9EB6-D48065B74D1C}.Debug|x64.Build.0 = Debug|x64
		{502B3303-640C-4176-9EB6-D48065B74D1C}.Debug|x86.ActiveCfg = Debug|x86
		{502B3303-640C-4176-9EB6-D48065B74D1C}.Debug|x86.Build.0 = Debug|x86
		{502B3303-640C-4176-9EB6-D48065B74D1C}.Release|Any CPU.ActiveCfg = Release|Any CPU
		{502B3303-640C-4176-9EB6-D48065B74D1C}.Release|Any CPU.Build.0 = Release|Any CPU
		{502B3303-640C-4176-9EB6-D48065B74D1C}.Release|ARM32.ActiveCfg = Release|Any CPU
		{502B3303-640C-4176-9EB6-D48065B74D1C}.Release|ARM32.Build.0 = Release|Any CPU
		{502B3303-640C-4176-9EB6-D48065B74D1C}.Release|ARM64.ActiveCfg = Release|Any CPU
		{502B3303-640C-4176-9EB6-D48065B74D1C}.Release|ARM64.Build.0 = Release|Any CPU
		{502B3303-640C-4176-9EB6-D48065B74D1C}.Release|x64.ActiveCfg = Release|x64
		{502B3303-640C-4176-9EB6-D48065B74D1C}.Release|x64.Build.0 = Release|x64
		{502B3303-640C-4176-9EB6-D48065B74D1C}.Release|x86.ActiveCfg = Release|x86
		{502B3303-640C-4176-9EB6-D48065B74D1C}.Release|x86.Build.0 = Release|x86
		{15CF6728-7415-4B35-89B7-AC4B2397AB87}.Debug|Any CPU.ActiveCfg = Debug|Any CPU
		{15CF6728-7415-4B35-89B7-AC4B2397AB87}.Debug|Any CPU.Build.0 = Debug|Any CPU
		{15CF6728-7415-4B35-89B7-AC4B2397AB87}.Debug|ARM32.ActiveCfg = Debug|Any CPU
		{15CF6728-7415-4B35-89B7-AC4B2397AB87}.Debug|ARM32.Build.0 = Debug|Any CPU
		{15CF6728-7415-4B35-89B7-AC4B2397AB87}.Debug|ARM64.ActiveCfg = Debug|Any CPU
		{15CF6728-7415-4B35-89B7-AC4B2397AB87}.Debug|ARM64.Build.0 = Debug|Any CPU
		{15CF6728-7415-4B35-89B7-AC4B2397AB87}.Debug|x64.ActiveCfg = Debug|x64
		{15CF6728-7415-4B35-89B7-AC4B2397AB87}.Debug|x64.Build.0 = Debug|x64
		{15CF6728-7415-4B35-89B7-AC4B2397AB87}.Debug|x86.ActiveCfg = Debug|x86
		{15CF6728-7415-4B35-89B7-AC4B2397AB87}.Debug|x86.Build.0 = Debug|x86
		{15CF6728-7415-4B35-89B7-AC4B2397AB87}.Release|Any CPU.ActiveCfg = Release|Any CPU
		{15CF6728-7415-4B35-89B7-AC4B2397AB87}.Release|Any CPU.Build.0 = Release|Any CPU
		{15CF6728-7415-4B35-89B7-AC4B2397AB87}.Release|ARM32.ActiveCfg = Release|Any CPU
		{15CF6728-7415-4B35-89B7-AC4B2397AB87}.Release|ARM32.Build.0 = Release|Any CPU
		{15CF6728-7415-4B35-89B7-AC4B2397AB87}.Release|ARM64.ActiveCfg = Release|Any CPU
		{15CF6728-7415-4B35-89B7-AC4B2397AB87}.Release|ARM64.Build.0 = Release|Any CPU
		{15CF6728-7415-4B35-89B7-AC4B2397AB87}.Release|x64.ActiveCfg = Release|x64
		{15CF6728-7415-4B35-89B7-AC4B2397AB87}.Release|x64.Build.0 = Release|x64
		{15CF6728-7415-4B35-89B7-AC4B2397AB87}.Release|x86.ActiveCfg = Release|x86
		{15CF6728-7415-4B35-89B7-AC4B2397AB87}.Release|x86.Build.0 = Release|x86
		{44F65897-A810-44E0-87C8-A27EDB7F660E}.Debug|Any CPU.ActiveCfg = Debug|Any CPU
		{44F65897-A810-44E0-87C8-A27EDB7F660E}.Debug|Any CPU.Build.0 = Debug|Any CPU
		{44F65897-A810-44E0-87C8-A27EDB7F660E}.Debug|ARM32.ActiveCfg = Debug|Any CPU
		{44F65897-A810-44E0-87C8-A27EDB7F660E}.Debug|ARM32.Build.0 = Debug|Any CPU
		{44F65897-A810-44E0-87C8-A27EDB7F660E}.Debug|ARM64.ActiveCfg = Debug|Any CPU
		{44F65897-A810-44E0-87C8-A27EDB7F660E}.Debug|ARM64.Build.0 = Debug|Any CPU
		{44F65897-A810-44E0-87C8-A27EDB7F660E}.Debug|x64.ActiveCfg = Debug|x64
		{44F65897-A810-44E0-87C8-A27EDB7F660E}.Debug|x64.Build.0 = Debug|x64
		{44F65897-A810-44E0-87C8-A27EDB7F660E}.Debug|x86.ActiveCfg = Debug|x86
		{44F65897-A810-44E0-87C8-A27EDB7F660E}.Debug|x86.Build.0 = Debug|x86
		{44F65897-A810-44E0-87C8-A27EDB7F660E}.Release|Any CPU.ActiveCfg = Release|Any CPU
		{44F65897-A810-44E0-87C8-A27EDB7F660E}.Release|Any CPU.Build.0 = Release|Any CPU
		{44F65897-A810-44E0-87C8-A27EDB7F660E}.Release|ARM32.ActiveCfg = Release|Any CPU
		{44F65897-A810-44E0-87C8-A27EDB7F660E}.Release|ARM32.Build.0 = Release|Any CPU
		{44F65897-A810-44E0-87C8-A27EDB7F660E}.Release|ARM64.ActiveCfg = Release|Any CPU
		{44F65897-A810-44E0-87C8-A27EDB7F660E}.Release|ARM64.Build.0 = Release|Any CPU
		{44F65897-A810-44E0-87C8-A27EDB7F660E}.Release|x64.ActiveCfg = Release|x64
		{44F65897-A810-44E0-87C8-A27EDB7F660E}.Release|x64.Build.0 = Release|x64
		{44F65897-A810-44E0-87C8-A27EDB7F660E}.Release|x86.ActiveCfg = Release|x86
		{44F65897-A810-44E0-87C8-A27EDB7F660E}.Release|x86.Build.0 = Release|x86
		{18C1D083-9326-4C11-B6BA-E05AD54FAC88}.Debug|Any CPU.ActiveCfg = Debug|Any CPU
		{18C1D083-9326-4C11-B6BA-E05AD54FAC88}.Debug|Any CPU.Build.0 = Debug|Any CPU
		{18C1D083-9326-4C11-B6BA-E05AD54FAC88}.Debug|ARM32.ActiveCfg = Debug|Any CPU
		{18C1D083-9326-4C11-B6BA-E05AD54FAC88}.Debug|ARM32.Build.0 = Debug|Any CPU
		{18C1D083-9326-4C11-B6BA-E05AD54FAC88}.Debug|ARM64.ActiveCfg = Debug|Any CPU
		{18C1D083-9326-4C11-B6BA-E05AD54FAC88}.Debug|ARM64.Build.0 = Debug|Any CPU
		{18C1D083-9326-4C11-B6BA-E05AD54FAC88}.Debug|x64.ActiveCfg = Debug|x64
		{18C1D083-9326-4C11-B6BA-E05AD54FAC88}.Debug|x64.Build.0 = Debug|x64
		{18C1D083-9326-4C11-B6BA-E05AD54FAC88}.Debug|x86.ActiveCfg = Debug|x86
		{18C1D083-9326-4C11-B6BA-E05AD54FAC88}.Debug|x86.Build.0 = Debug|x86
		{18C1D083-9326-4C11-B6BA-E05AD54FAC88}.Release|Any CPU.ActiveCfg = Release|Any CPU
		{18C1D083-9326-4C11-B6BA-E05AD54FAC88}.Release|Any CPU.Build.0 = Release|Any CPU
		{18C1D083-9326-4C11-B6BA-E05AD54FAC88}.Release|ARM32.ActiveCfg = Release|Any CPU
		{18C1D083-9326-4C11-B6BA-E05AD54FAC88}.Release|ARM32.Build.0 = Release|Any CPU
		{18C1D083-9326-4C11-B6BA-E05AD54FAC88}.Release|ARM64.ActiveCfg = Release|Any CPU
		{18C1D083-9326-4C11-B6BA-E05AD54FAC88}.Release|ARM64.Build.0 = Release|Any CPU
		{18C1D083-9326-4C11-B6BA-E05AD54FAC88}.Release|x64.ActiveCfg = Release|x64
		{18C1D083-9326-4C11-B6BA-E05AD54FAC88}.Release|x64.Build.0 = Release|x64
		{18C1D083-9326-4C11-B6BA-E05AD54FAC88}.Release|x86.ActiveCfg = Release|x86
		{18C1D083-9326-4C11-B6BA-E05AD54FAC88}.Release|x86.Build.0 = Release|x86
		{122743CF-4C7F-4B1B-8D45-D9F3264221EA}.Debug|Any CPU.ActiveCfg = Debug|Any CPU
		{122743CF-4C7F-4B1B-8D45-D9F3264221EA}.Debug|Any CPU.Build.0 = Debug|Any CPU
		{122743CF-4C7F-4B1B-8D45-D9F3264221EA}.Debug|ARM32.ActiveCfg = Debug|Any CPU
		{122743CF-4C7F-4B1B-8D45-D9F3264221EA}.Debug|ARM32.Build.0 = Debug|Any CPU
		{122743CF-4C7F-4B1B-8D45-D9F3264221EA}.Debug|ARM64.ActiveCfg = Debug|Any CPU
		{122743CF-4C7F-4B1B-8D45-D9F3264221EA}.Debug|ARM64.Build.0 = Debug|Any CPU
		{122743CF-4C7F-4B1B-8D45-D9F3264221EA}.Debug|x64.ActiveCfg = Debug|x64
		{122743CF-4C7F-4B1B-8D45-D9F3264221EA}.Debug|x64.Build.0 = Debug|x64
		{122743CF-4C7F-4B1B-8D45-D9F3264221EA}.Debug|x86.ActiveCfg = Debug|x86
		{122743CF-4C7F-4B1B-8D45-D9F3264221EA}.Debug|x86.Build.0 = Debug|x86
		{122743CF-4C7F-4B1B-8D45-D9F3264221EA}.Release|Any CPU.ActiveCfg = Release|Any CPU
		{122743CF-4C7F-4B1B-8D45-D9F3264221EA}.Release|Any CPU.Build.0 = Release|Any CPU
		{122743CF-4C7F-4B1B-8D45-D9F3264221EA}.Release|ARM32.ActiveCfg = Release|Any CPU
		{122743CF-4C7F-4B1B-8D45-D9F3264221EA}.Release|ARM32.Build.0 = Release|Any CPU
		{122743CF-4C7F-4B1B-8D45-D9F3264221EA}.Release|ARM64.ActiveCfg = Release|Any CPU
		{122743CF-4C7F-4B1B-8D45-D9F3264221EA}.Release|ARM64.Build.0 = Release|Any CPU
		{122743CF-4C7F-4B1B-8D45-D9F3264221EA}.Release|x64.ActiveCfg = Release|x64
		{122743CF-4C7F-4B1B-8D45-D9F3264221EA}.Release|x64.Build.0 = Release|x64
		{122743CF-4C7F-4B1B-8D45-D9F3264221EA}.Release|x86.ActiveCfg = Release|x86
		{122743CF-4C7F-4B1B-8D45-D9F3264221EA}.Release|x86.Build.0 = Release|x86
		{125BEE92-28AA-4812-B624-5BEEFC3539F3}.Debug|Any CPU.ActiveCfg = Debug|Any CPU
		{125BEE92-28AA-4812-B624-5BEEFC3539F3}.Debug|Any CPU.Build.0 = Debug|Any CPU
		{125BEE92-28AA-4812-B624-5BEEFC3539F3}.Debug|ARM32.ActiveCfg = Debug|Any CPU
		{125BEE92-28AA-4812-B624-5BEEFC3539F3}.Debug|ARM32.Build.0 = Debug|Any CPU
		{125BEE92-28AA-4812-B624-5BEEFC3539F3}.Debug|ARM64.ActiveCfg = Debug|Any CPU
		{125BEE92-28AA-4812-B624-5BEEFC3539F3}.Debug|ARM64.Build.0 = Debug|Any CPU
		{125BEE92-28AA-4812-B624-5BEEFC3539F3}.Debug|x64.ActiveCfg = Debug|x64
		{125BEE92-28AA-4812-B624-5BEEFC3539F3}.Debug|x64.Build.0 = Debug|x64
		{125BEE92-28AA-4812-B624-5BEEFC3539F3}.Debug|x86.ActiveCfg = Debug|x86
		{125BEE92-28AA-4812-B624-5BEEFC3539F3}.Debug|x86.Build.0 = Debug|x86
		{125BEE92-28AA-4812-B624-5BEEFC3539F3}.Release|Any CPU.ActiveCfg = Release|Any CPU
		{125BEE92-28AA-4812-B624-5BEEFC3539F3}.Release|Any CPU.Build.0 = Release|Any CPU
		{125BEE92-28AA-4812-B624-5BEEFC3539F3}.Release|ARM32.ActiveCfg = Release|Any CPU
		{125BEE92-28AA-4812-B624-5BEEFC3539F3}.Release|ARM32.Build.0 = Release|Any CPU
		{125BEE92-28AA-4812-B624-5BEEFC3539F3}.Release|ARM64.ActiveCfg = Release|Any CPU
		{125BEE92-28AA-4812-B624-5BEEFC3539F3}.Release|ARM64.Build.0 = Release|Any CPU
		{125BEE92-28AA-4812-B624-5BEEFC3539F3}.Release|x64.ActiveCfg = Release|x64
		{125BEE92-28AA-4812-B624-5BEEFC3539F3}.Release|x64.Build.0 = Release|x64
		{125BEE92-28AA-4812-B624-5BEEFC3539F3}.Release|x86.ActiveCfg = Release|x86
		{125BEE92-28AA-4812-B624-5BEEFC3539F3}.Release|x86.Build.0 = Release|x86
		{234CBDA1-361F-4D60-81C2-48860C181036}.Debug|Any CPU.ActiveCfg = Debug|Any CPU
		{234CBDA1-361F-4D60-81C2-48860C181036}.Debug|Any CPU.Build.0 = Debug|Any CPU
		{234CBDA1-361F-4D60-81C2-48860C181036}.Debug|ARM32.ActiveCfg = Debug|Any CPU
		{234CBDA1-361F-4D60-81C2-48860C181036}.Debug|ARM32.Build.0 = Debug|Any CPU
		{234CBDA1-361F-4D60-81C2-48860C181036}.Debug|ARM64.ActiveCfg = Debug|Any CPU
		{234CBDA1-361F-4D60-81C2-48860C181036}.Debug|ARM64.Build.0 = Debug|Any CPU
		{234CBDA1-361F-4D60-81C2-48860C181036}.Debug|x64.ActiveCfg = Debug|x64
		{234CBDA1-361F-4D60-81C2-48860C181036}.Debug|x64.Build.0 = Debug|x64
		{234CBDA1-361F-4D60-81C2-48860C181036}.Debug|x86.ActiveCfg = Debug|x86
		{234CBDA1-361F-4D60-81C2-48860C181036}.Debug|x86.Build.0 = Debug|x86
		{234CBDA1-361F-4D60-81C2-48860C181036}.Release|Any CPU.ActiveCfg = Release|Any CPU
		{234CBDA1-361F-4D60-81C2-48860C181036}.Release|Any CPU.Build.0 = Release|Any CPU
		{234CBDA1-361F-4D60-81C2-48860C181036}.Release|ARM32.ActiveCfg = Release|Any CPU
		{234CBDA1-361F-4D60-81C2-48860C181036}.Release|ARM32.Build.0 = Release|Any CPU
		{234CBDA1-361F-4D60-81C2-48860C181036}.Release|ARM64.ActiveCfg = Release|Any CPU
		{234CBDA1-361F-4D60-81C2-48860C181036}.Release|ARM64.Build.0 = Release|Any CPU
		{234CBDA1-361F-4D60-81C2-48860C181036}.Release|x64.ActiveCfg = Release|x64
		{234CBDA1-361F-4D60-81C2-48860C181036}.Release|x64.Build.0 = Release|x64
		{234CBDA1-361F-4D60-81C2-48860C181036}.Release|x86.ActiveCfg = Release|x86
		{234CBDA1-361F-4D60-81C2-48860C181036}.Release|x86.Build.0 = Release|x86
		{BD86E3F8-850F-4F99-A387-1096505C3F39}.Debug|Any CPU.ActiveCfg = Debug|Any CPU
		{BD86E3F8-850F-4F99-A387-1096505C3F39}.Debug|Any CPU.Build.0 = Debug|Any CPU
		{BD86E3F8-850F-4F99-A387-1096505C3F39}.Debug|ARM32.ActiveCfg = Debug|Any CPU
		{BD86E3F8-850F-4F99-A387-1096505C3F39}.Debug|ARM32.Build.0 = Debug|Any CPU
		{BD86E3F8-850F-4F99-A387-1096505C3F39}.Debug|ARM64.ActiveCfg = Debug|Any CPU
		{BD86E3F8-850F-4F99-A387-1096505C3F39}.Debug|ARM64.Build.0 = Debug|Any CPU
		{BD86E3F8-850F-4F99-A387-1096505C3F39}.Debug|x64.ActiveCfg = Debug|x64
		{BD86E3F8-850F-4F99-A387-1096505C3F39}.Debug|x64.Build.0 = Debug|x64
		{BD86E3F8-850F-4F99-A387-1096505C3F39}.Debug|x86.ActiveCfg = Debug|x86
		{BD86E3F8-850F-4F99-A387-1096505C3F39}.Debug|x86.Build.0 = Debug|x86
		{BD86E3F8-850F-4F99-A387-1096505C3F39}.Release|Any CPU.ActiveCfg = Release|Any CPU
		{BD86E3F8-850F-4F99-A387-1096505C3F39}.Release|Any CPU.Build.0 = Release|Any CPU
		{BD86E3F8-850F-4F99-A387-1096505C3F39}.Release|ARM32.ActiveCfg = Release|Any CPU
		{BD86E3F8-850F-4F99-A387-1096505C3F39}.Release|ARM32.Build.0 = Release|Any CPU
		{BD86E3F8-850F-4F99-A387-1096505C3F39}.Release|ARM64.ActiveCfg = Release|Any CPU
		{BD86E3F8-850F-4F99-A387-1096505C3F39}.Release|ARM64.Build.0 = Release|Any CPU
		{BD86E3F8-850F-4F99-A387-1096505C3F39}.Release|x64.ActiveCfg = Release|x64
		{BD86E3F8-850F-4F99-A387-1096505C3F39}.Release|x64.Build.0 = Release|x64
		{BD86E3F8-850F-4F99-A387-1096505C3F39}.Release|x86.ActiveCfg = Release|x86
		{BD86E3F8-850F-4F99-A387-1096505C3F39}.Release|x86.Build.0 = Release|x86
		{8EF4E7A9-7E9C-4C7C-A8A1-CFC49B139441}.Debug|Any CPU.ActiveCfg = Debug|Any CPU
		{8EF4E7A9-7E9C-4C7C-A8A1-CFC49B139441}.Debug|Any CPU.Build.0 = Debug|Any CPU
		{8EF4E7A9-7E9C-4C7C-A8A1-CFC49B139441}.Debug|ARM32.ActiveCfg = Debug|Any CPU
		{8EF4E7A9-7E9C-4C7C-A8A1-CFC49B139441}.Debug|ARM32.Build.0 = Debug|Any CPU
		{8EF4E7A9-7E9C-4C7C-A8A1-CFC49B139441}.Debug|ARM64.ActiveCfg = Debug|Any CPU
		{8EF4E7A9-7E9C-4C7C-A8A1-CFC49B139441}.Debug|ARM64.Build.0 = Debug|Any CPU
		{8EF4E7A9-7E9C-4C7C-A8A1-CFC49B139441}.Debug|x64.ActiveCfg = Debug|x64
		{8EF4E7A9-7E9C-4C7C-A8A1-CFC49B139441}.Debug|x64.Build.0 = Debug|x64
		{8EF4E7A9-7E9C-4C7C-A8A1-CFC49B139441}.Debug|x86.ActiveCfg = Debug|x86
		{8EF4E7A9-7E9C-4C7C-A8A1-CFC49B139441}.Debug|x86.Build.0 = Debug|x86
		{8EF4E7A9-7E9C-4C7C-A8A1-CFC49B139441}.Release|Any CPU.ActiveCfg = Release|Any CPU
		{8EF4E7A9-7E9C-4C7C-A8A1-CFC49B139441}.Release|Any CPU.Build.0 = Release|Any CPU
		{8EF4E7A9-7E9C-4C7C-A8A1-CFC49B139441}.Release|ARM32.ActiveCfg = Release|Any CPU
		{8EF4E7A9-7E9C-4C7C-A8A1-CFC49B139441}.Release|ARM32.Build.0 = Release|Any CPU
		{8EF4E7A9-7E9C-4C7C-A8A1-CFC49B139441}.Release|ARM64.ActiveCfg = Release|Any CPU
		{8EF4E7A9-7E9C-4C7C-A8A1-CFC49B139441}.Release|ARM64.Build.0 = Release|Any CPU
		{8EF4E7A9-7E9C-4C7C-A8A1-CFC49B139441}.Release|x64.ActiveCfg = Release|x64
		{8EF4E7A9-7E9C-4C7C-A8A1-CFC49B139441}.Release|x64.Build.0 = Release|x64
		{8EF4E7A9-7E9C-4C7C-A8A1-CFC49B139441}.Release|x86.ActiveCfg = Release|x86
		{8EF4E7A9-7E9C-4C7C-A8A1-CFC49B139441}.Release|x86.Build.0 = Release|x86
		{EEC95FF7-8906-4A7D-BE8C-7D7374B31A0E}.Debug|Any CPU.ActiveCfg = Debug|Any CPU
		{EEC95FF7-8906-4A7D-BE8C-7D7374B31A0E}.Debug|Any CPU.Build.0 = Debug|Any CPU
		{EEC95FF7-8906-4A7D-BE8C-7D7374B31A0E}.Debug|ARM32.ActiveCfg = Debug|Any CPU
		{EEC95FF7-8906-4A7D-BE8C-7D7374B31A0E}.Debug|ARM32.Build.0 = Debug|Any CPU
		{EEC95FF7-8906-4A7D-BE8C-7D7374B31A0E}.Debug|ARM64.ActiveCfg = Debug|Any CPU
		{EEC95FF7-8906-4A7D-BE8C-7D7374B31A0E}.Debug|ARM64.Build.0 = Debug|Any CPU
		{EEC95FF7-8906-4A7D-BE8C-7D7374B31A0E}.Debug|x64.ActiveCfg = Debug|x64
		{EEC95FF7-8906-4A7D-BE8C-7D7374B31A0E}.Debug|x64.Build.0 = Debug|x64
		{EEC95FF7-8906-4A7D-BE8C-7D7374B31A0E}.Debug|x86.ActiveCfg = Debug|x86
		{EEC95FF7-8906-4A7D-BE8C-7D7374B31A0E}.Debug|x86.Build.0 = Debug|x86
		{EEC95FF7-8906-4A7D-BE8C-7D7374B31A0E}.Release|Any CPU.ActiveCfg = Release|Any CPU
		{EEC95FF7-8906-4A7D-BE8C-7D7374B31A0E}.Release|Any CPU.Build.0 = Release|Any CPU
		{EEC95FF7-8906-4A7D-BE8C-7D7374B31A0E}.Release|ARM32.ActiveCfg = Release|Any CPU
		{EEC95FF7-8906-4A7D-BE8C-7D7374B31A0E}.Release|ARM32.Build.0 = Release|Any CPU
		{EEC95FF7-8906-4A7D-BE8C-7D7374B31A0E}.Release|ARM64.ActiveCfg = Release|Any CPU
		{EEC95FF7-8906-4A7D-BE8C-7D7374B31A0E}.Release|ARM64.Build.0 = Release|Any CPU
		{EEC95FF7-8906-4A7D-BE8C-7D7374B31A0E}.Release|x64.ActiveCfg = Release|x64
		{EEC95FF7-8906-4A7D-BE8C-7D7374B31A0E}.Release|x64.Build.0 = Release|x64
		{EEC95FF7-8906-4A7D-BE8C-7D7374B31A0E}.Release|x86.ActiveCfg = Release|x86
		{EEC95FF7-8906-4A7D-BE8C-7D7374B31A0E}.Release|x86.Build.0 = Release|x86
		{7BA86AD5-108C-41AC-A970-48589B0C2988}.Debug|Any CPU.ActiveCfg = Debug|Any CPU
		{7BA86AD5-108C-41AC-A970-48589B0C2988}.Debug|Any CPU.Build.0 = Debug|Any CPU
		{7BA86AD5-108C-41AC-A970-48589B0C2988}.Debug|ARM32.ActiveCfg = Debug|Any CPU
		{7BA86AD5-108C-41AC-A970-48589B0C2988}.Debug|ARM32.Build.0 = Debug|Any CPU
		{7BA86AD5-108C-41AC-A970-48589B0C2988}.Debug|ARM64.ActiveCfg = Debug|Any CPU
		{7BA86AD5-108C-41AC-A970-48589B0C2988}.Debug|ARM64.Build.0 = Debug|Any CPU
		{7BA86AD5-108C-41AC-A970-48589B0C2988}.Debug|x64.ActiveCfg = Debug|x64
		{7BA86AD5-108C-41AC-A970-48589B0C2988}.Debug|x64.Build.0 = Debug|x64
		{7BA86AD5-108C-41AC-A970-48589B0C2988}.Debug|x86.ActiveCfg = Debug|x86
		{7BA86AD5-108C-41AC-A970-48589B0C2988}.Debug|x86.Build.0 = Debug|x86
		{7BA86AD5-108C-41AC-A970-48589B0C2988}.Release|Any CPU.ActiveCfg = Release|Any CPU
		{7BA86AD5-108C-41AC-A970-48589B0C2988}.Release|Any CPU.Build.0 = Release|Any CPU
		{7BA86AD5-108C-41AC-A970-48589B0C2988}.Release|ARM32.ActiveCfg = Release|Any CPU
		{7BA86AD5-108C-41AC-A970-48589B0C2988}.Release|ARM32.Build.0 = Release|Any CPU
		{7BA86AD5-108C-41AC-A970-48589B0C2988}.Release|ARM64.ActiveCfg = Release|Any CPU
		{7BA86AD5-108C-41AC-A970-48589B0C2988}.Release|ARM64.Build.0 = Release|Any CPU
		{7BA86AD5-108C-41AC-A970-48589B0C2988}.Release|x64.ActiveCfg = Release|x64
		{7BA86AD5-108C-41AC-A970-48589B0C2988}.Release|x64.Build.0 = Release|x64
		{7BA86AD5-108C-41AC-A970-48589B0C2988}.Release|x86.ActiveCfg = Release|x86
		{7BA86AD5-108C-41AC-A970-48589B0C2988}.Release|x86.Build.0 = Release|x86
		{C65D14F5-2423-4CED-B741-68FAAAE6208A}.Debug|Any CPU.ActiveCfg = Debug|Any CPU
		{C65D14F5-2423-4CED-B741-68FAAAE6208A}.Debug|Any CPU.Build.0 = Debug|Any CPU
		{C65D14F5-2423-4CED-B741-68FAAAE6208A}.Debug|ARM32.ActiveCfg = Debug|Any CPU
		{C65D14F5-2423-4CED-B741-68FAAAE6208A}.Debug|ARM32.Build.0 = Debug|Any CPU
		{C65D14F5-2423-4CED-B741-68FAAAE6208A}.Debug|ARM64.ActiveCfg = Debug|Any CPU
		{C65D14F5-2423-4CED-B741-68FAAAE6208A}.Debug|ARM64.Build.0 = Debug|Any CPU
		{C65D14F5-2423-4CED-B741-68FAAAE6208A}.Debug|x64.ActiveCfg = Debug|x64
		{C65D14F5-2423-4CED-B741-68FAAAE6208A}.Debug|x64.Build.0 = Debug|x64
		{C65D14F5-2423-4CED-B741-68FAAAE6208A}.Debug|x86.ActiveCfg = Debug|x86
		{C65D14F5-2423-4CED-B741-68FAAAE6208A}.Debug|x86.Build.0 = Debug|x86
		{C65D14F5-2423-4CED-B741-68FAAAE6208A}.Release|Any CPU.ActiveCfg = Release|Any CPU
		{C65D14F5-2423-4CED-B741-68FAAAE6208A}.Release|Any CPU.Build.0 = Release|Any CPU
		{C65D14F5-2423-4CED-B741-68FAAAE6208A}.Release|ARM32.ActiveCfg = Release|Any CPU
		{C65D14F5-2423-4CED-B741-68FAAAE6208A}.Release|ARM32.Build.0 = Release|Any CPU
		{C65D14F5-2423-4CED-B741-68FAAAE6208A}.Release|ARM64.ActiveCfg = Release|Any CPU
		{C65D14F5-2423-4CED-B741-68FAAAE6208A}.Release|ARM64.Build.0 = Release|Any CPU
		{C65D14F5-2423-4CED-B741-68FAAAE6208A}.Release|x64.ActiveCfg = Release|x64
		{C65D14F5-2423-4CED-B741-68FAAAE6208A}.Release|x64.Build.0 = Release|x64
		{C65D14F5-2423-4CED-B741-68FAAAE6208A}.Release|x86.ActiveCfg = Release|x86
		{C65D14F5-2423-4CED-B741-68FAAAE6208A}.Release|x86.Build.0 = Release|x86
		{385E6192-2A33-4E4A-BE2D-5002656308BE}.Debug|Any CPU.ActiveCfg = Debug|Any CPU
		{385E6192-2A33-4E4A-BE2D-5002656308BE}.Debug|Any CPU.Build.0 = Debug|Any CPU
		{385E6192-2A33-4E4A-BE2D-5002656308BE}.Debug|ARM32.ActiveCfg = Debug|Any CPU
		{385E6192-2A33-4E4A-BE2D-5002656308BE}.Debug|ARM32.Build.0 = Debug|Any CPU
		{385E6192-2A33-4E4A-BE2D-5002656308BE}.Debug|ARM64.ActiveCfg = Debug|Any CPU
		{385E6192-2A33-4E4A-BE2D-5002656308BE}.Debug|ARM64.Build.0 = Debug|Any CPU
		{385E6192-2A33-4E4A-BE2D-5002656308BE}.Debug|x64.ActiveCfg = Debug|x64
		{385E6192-2A33-4E4A-BE2D-5002656308BE}.Debug|x64.Build.0 = Debug|x64
		{385E6192-2A33-4E4A-BE2D-5002656308BE}.Debug|x86.ActiveCfg = Debug|x86
		{385E6192-2A33-4E4A-BE2D-5002656308BE}.Debug|x86.Build.0 = Debug|x86
		{385E6192-2A33-4E4A-BE2D-5002656308BE}.Release|Any CPU.ActiveCfg = Release|Any CPU
		{385E6192-2A33-4E4A-BE2D-5002656308BE}.Release|Any CPU.Build.0 = Release|Any CPU
		{385E6192-2A33-4E4A-BE2D-5002656308BE}.Release|ARM32.ActiveCfg = Release|Any CPU
		{385E6192-2A33-4E4A-BE2D-5002656308BE}.Release|ARM32.Build.0 = Release|Any CPU
		{385E6192-2A33-4E4A-BE2D-5002656308BE}.Release|ARM64.ActiveCfg = Release|Any CPU
		{385E6192-2A33-4E4A-BE2D-5002656308BE}.Release|ARM64.Build.0 = Release|Any CPU
		{385E6192-2A33-4E4A-BE2D-5002656308BE}.Release|x64.ActiveCfg = Release|x64
		{385E6192-2A33-4E4A-BE2D-5002656308BE}.Release|x64.Build.0 = Release|x64
		{385E6192-2A33-4E4A-BE2D-5002656308BE}.Release|x86.ActiveCfg = Release|x86
		{385E6192-2A33-4E4A-BE2D-5002656308BE}.Release|x86.Build.0 = Release|x86
		{63D52295-322F-4FFA-86B0-3BFC1A9E4C08}.Debug|Any CPU.ActiveCfg = Debug|Any CPU
		{63D52295-322F-4FFA-86B0-3BFC1A9E4C08}.Debug|Any CPU.Build.0 = Debug|Any CPU
		{63D52295-322F-4FFA-86B0-3BFC1A9E4C08}.Debug|ARM32.ActiveCfg = Debug|Any CPU
		{63D52295-322F-4FFA-86B0-3BFC1A9E4C08}.Debug|ARM32.Build.0 = Debug|Any CPU
		{63D52295-322F-4FFA-86B0-3BFC1A9E4C08}.Debug|ARM64.ActiveCfg = Debug|Any CPU
		{63D52295-322F-4FFA-86B0-3BFC1A9E4C08}.Debug|ARM64.Build.0 = Debug|Any CPU
		{63D52295-322F-4FFA-86B0-3BFC1A9E4C08}.Debug|x64.ActiveCfg = Debug|x64
		{63D52295-322F-4FFA-86B0-3BFC1A9E4C08}.Debug|x64.Build.0 = Debug|x64
		{63D52295-322F-4FFA-86B0-3BFC1A9E4C08}.Debug|x86.ActiveCfg = Debug|x86
		{63D52295-322F-4FFA-86B0-3BFC1A9E4C08}.Debug|x86.Build.0 = Debug|x86
		{63D52295-322F-4FFA-86B0-3BFC1A9E4C08}.Release|Any CPU.ActiveCfg = Release|Any CPU
		{63D52295-322F-4FFA-86B0-3BFC1A9E4C08}.Release|Any CPU.Build.0 = Release|Any CPU
		{63D52295-322F-4FFA-86B0-3BFC1A9E4C08}.Release|ARM32.ActiveCfg = Release|Any CPU
		{63D52295-322F-4FFA-86B0-3BFC1A9E4C08}.Release|ARM32.Build.0 = Release|Any CPU
		{63D52295-322F-4FFA-86B0-3BFC1A9E4C08}.Release|ARM64.ActiveCfg = Release|Any CPU
		{63D52295-322F-4FFA-86B0-3BFC1A9E4C08}.Release|ARM64.Build.0 = Release|Any CPU
		{63D52295-322F-4FFA-86B0-3BFC1A9E4C08}.Release|x64.ActiveCfg = Release|x64
		{63D52295-322F-4FFA-86B0-3BFC1A9E4C08}.Release|x64.Build.0 = Release|x64
		{63D52295-322F-4FFA-86B0-3BFC1A9E4C08}.Release|x86.ActiveCfg = Release|x86
		{63D52295-322F-4FFA-86B0-3BFC1A9E4C08}.Release|x86.Build.0 = Release|x86
		{21052963-1318-4623-821F-99FC6058C39E}.Debug|Any CPU.ActiveCfg = Debug|Any CPU
		{21052963-1318-4623-821F-99FC6058C39E}.Debug|Any CPU.Build.0 = Debug|Any CPU
		{21052963-1318-4623-821F-99FC6058C39E}.Debug|ARM32.ActiveCfg = Debug|Any CPU
		{21052963-1318-4623-821F-99FC6058C39E}.Debug|ARM32.Build.0 = Debug|Any CPU
		{21052963-1318-4623-821F-99FC6058C39E}.Debug|ARM64.ActiveCfg = Debug|Any CPU
		{21052963-1318-4623-821F-99FC6058C39E}.Debug|ARM64.Build.0 = Debug|Any CPU
		{21052963-1318-4623-821F-99FC6058C39E}.Debug|x64.ActiveCfg = Debug|x64
		{21052963-1318-4623-821F-99FC6058C39E}.Debug|x64.Build.0 = Debug|x64
		{21052963-1318-4623-821F-99FC6058C39E}.Debug|x86.ActiveCfg = Debug|x86
		{21052963-1318-4623-821F-99FC6058C39E}.Debug|x86.Build.0 = Debug|x86
		{21052963-1318-4623-821F-99FC6058C39E}.Release|Any CPU.ActiveCfg = Release|Any CPU
		{21052963-1318-4623-821F-99FC6058C39E}.Release|Any CPU.Build.0 = Release|Any CPU
		{21052963-1318-4623-821F-99FC6058C39E}.Release|ARM32.ActiveCfg = Release|Any CPU
		{21052963-1318-4623-821F-99FC6058C39E}.Release|ARM32.Build.0 = Release|Any CPU
		{21052963-1318-4623-821F-99FC6058C39E}.Release|ARM64.ActiveCfg = Release|Any CPU
		{21052963-1318-4623-821F-99FC6058C39E}.Release|ARM64.Build.0 = Release|Any CPU
		{21052963-1318-4623-821F-99FC6058C39E}.Release|x64.ActiveCfg = Release|x64
		{21052963-1318-4623-821F-99FC6058C39E}.Release|x64.Build.0 = Release|x64
		{21052963-1318-4623-821F-99FC6058C39E}.Release|x86.ActiveCfg = Release|x86
		{21052963-1318-4623-821F-99FC6058C39E}.Release|x86.Build.0 = Release|x86
		{EBDD94BB-B59E-4F5D-8B65-362EE12C1F73}.Debug|Any CPU.ActiveCfg = Debug|Any CPU
		{EBDD94BB-B59E-4F5D-8B65-362EE12C1F73}.Debug|Any CPU.Build.0 = Debug|Any CPU
		{EBDD94BB-B59E-4F5D-8B65-362EE12C1F73}.Debug|ARM32.ActiveCfg = Debug|Any CPU
		{EBDD94BB-B59E-4F5D-8B65-362EE12C1F73}.Debug|ARM32.Build.0 = Debug|Any CPU
		{EBDD94BB-B59E-4F5D-8B65-362EE12C1F73}.Debug|ARM64.ActiveCfg = Debug|Any CPU
		{EBDD94BB-B59E-4F5D-8B65-362EE12C1F73}.Debug|ARM64.Build.0 = Debug|Any CPU
		{EBDD94BB-B59E-4F5D-8B65-362EE12C1F73}.Debug|x64.ActiveCfg = Debug|x64
		{EBDD94BB-B59E-4F5D-8B65-362EE12C1F73}.Debug|x64.Build.0 = Debug|x64
		{EBDD94BB-B59E-4F5D-8B65-362EE12C1F73}.Debug|x86.ActiveCfg = Debug|x86
		{EBDD94BB-B59E-4F5D-8B65-362EE12C1F73}.Debug|x86.Build.0 = Debug|x86
		{EBDD94BB-B59E-4F5D-8B65-362EE12C1F73}.Release|Any CPU.ActiveCfg = Release|Any CPU
		{EBDD94BB-B59E-4F5D-8B65-362EE12C1F73}.Release|Any CPU.Build.0 = Release|Any CPU
		{EBDD94BB-B59E-4F5D-8B65-362EE12C1F73}.Release|ARM32.ActiveCfg = Release|Any CPU
		{EBDD94BB-B59E-4F5D-8B65-362EE12C1F73}.Release|ARM32.Build.0 = Release|Any CPU
		{EBDD94BB-B59E-4F5D-8B65-362EE12C1F73}.Release|ARM64.ActiveCfg = Release|Any CPU
		{EBDD94BB-B59E-4F5D-8B65-362EE12C1F73}.Release|ARM64.Build.0 = Release|Any CPU
		{EBDD94BB-B59E-4F5D-8B65-362EE12C1F73}.Release|x64.ActiveCfg = Release|x64
		{EBDD94BB-B59E-4F5D-8B65-362EE12C1F73}.Release|x64.Build.0 = Release|x64
		{EBDD94BB-B59E-4F5D-8B65-362EE12C1F73}.Release|x86.ActiveCfg = Release|x86
		{EBDD94BB-B59E-4F5D-8B65-362EE12C1F73}.Release|x86.Build.0 = Release|x86
		{A17F10BD-E853-4397-8F2B-FC44431F63DF}.Debug|Any CPU.ActiveCfg = Debug|Any CPU
		{A17F10BD-E853-4397-8F2B-FC44431F63DF}.Debug|Any CPU.Build.0 = Debug|Any CPU
		{A17F10BD-E853-4397-8F2B-FC44431F63DF}.Debug|ARM32.ActiveCfg = Debug|Any CPU
		{A17F10BD-E853-4397-8F2B-FC44431F63DF}.Debug|ARM32.Build.0 = Debug|Any CPU
		{A17F10BD-E853-4397-8F2B-FC44431F63DF}.Debug|ARM64.ActiveCfg = Debug|Any CPU
		{A17F10BD-E853-4397-8F2B-FC44431F63DF}.Debug|ARM64.Build.0 = Debug|Any CPU
		{A17F10BD-E853-4397-8F2B-FC44431F63DF}.Debug|x64.ActiveCfg = Debug|x64
		{A17F10BD-E853-4397-8F2B-FC44431F63DF}.Debug|x64.Build.0 = Debug|x64
		{A17F10BD-E853-4397-8F2B-FC44431F63DF}.Debug|x86.ActiveCfg = Debug|x86
		{A17F10BD-E853-4397-8F2B-FC44431F63DF}.Debug|x86.Build.0 = Debug|x86
		{A17F10BD-E853-4397-8F2B-FC44431F63DF}.Release|Any CPU.ActiveCfg = Release|Any CPU
		{A17F10BD-E853-4397-8F2B-FC44431F63DF}.Release|Any CPU.Build.0 = Release|Any CPU
		{A17F10BD-E853-4397-8F2B-FC44431F63DF}.Release|ARM32.ActiveCfg = Release|Any CPU
		{A17F10BD-E853-4397-8F2B-FC44431F63DF}.Release|ARM32.Build.0 = Release|Any CPU
		{A17F10BD-E853-4397-8F2B-FC44431F63DF}.Release|ARM64.ActiveCfg = Release|Any CPU
		{A17F10BD-E853-4397-8F2B-FC44431F63DF}.Release|ARM64.Build.0 = Release|Any CPU
		{A17F10BD-E853-4397-8F2B-FC44431F63DF}.Release|x64.ActiveCfg = Release|x64
		{A17F10BD-E853-4397-8F2B-FC44431F63DF}.Release|x64.Build.0 = Release|x64
		{A17F10BD-E853-4397-8F2B-FC44431F63DF}.Release|x86.ActiveCfg = Release|x86
		{A17F10BD-E853-4397-8F2B-FC44431F63DF}.Release|x86.Build.0 = Release|x86
		{FB283ACD-CADD-467E-A8FF-87A4B9061954}.Debug|Any CPU.ActiveCfg = Debug|Any CPU
		{FB283ACD-CADD-467E-A8FF-87A4B9061954}.Debug|Any CPU.Build.0 = Debug|Any CPU
		{FB283ACD-CADD-467E-A8FF-87A4B9061954}.Debug|ARM32.ActiveCfg = Debug|Any CPU
		{FB283ACD-CADD-467E-A8FF-87A4B9061954}.Debug|ARM32.Build.0 = Debug|Any CPU
		{FB283ACD-CADD-467E-A8FF-87A4B9061954}.Debug|ARM64.ActiveCfg = Debug|Any CPU
		{FB283ACD-CADD-467E-A8FF-87A4B9061954}.Debug|ARM64.Build.0 = Debug|Any CPU
		{FB283ACD-CADD-467E-A8FF-87A4B9061954}.Debug|x64.ActiveCfg = Debug|x64
		{FB283ACD-CADD-467E-A8FF-87A4B9061954}.Debug|x64.Build.0 = Debug|x64
		{FB283ACD-CADD-467E-A8FF-87A4B9061954}.Debug|x86.ActiveCfg = Debug|x86
		{FB283ACD-CADD-467E-A8FF-87A4B9061954}.Debug|x86.Build.0 = Debug|x86
		{FB283ACD-CADD-467E-A8FF-87A4B9061954}.Release|Any CPU.ActiveCfg = Release|Any CPU
		{FB283ACD-CADD-467E-A8FF-87A4B9061954}.Release|Any CPU.Build.0 = Release|Any CPU
		{FB283ACD-CADD-467E-A8FF-87A4B9061954}.Release|ARM32.ActiveCfg = Release|Any CPU
		{FB283ACD-CADD-467E-A8FF-87A4B9061954}.Release|ARM32.Build.0 = Release|Any CPU
		{FB283ACD-CADD-467E-A8FF-87A4B9061954}.Release|ARM64.ActiveCfg = Release|Any CPU
		{FB283ACD-CADD-467E-A8FF-87A4B9061954}.Release|ARM64.Build.0 = Release|Any CPU
		{FB283ACD-CADD-467E-A8FF-87A4B9061954}.Release|x64.ActiveCfg = Release|x64
		{FB283ACD-CADD-467E-A8FF-87A4B9061954}.Release|x64.Build.0 = Release|x64
		{FB283ACD-CADD-467E-A8FF-87A4B9061954}.Release|x86.ActiveCfg = Release|x86
		{FB283ACD-CADD-467E-A8FF-87A4B9061954}.Release|x86.Build.0 = Release|x86
		{FAA5ADC9-49ED-4949-B53B-9EC93AE35893}.Debug|Any CPU.ActiveCfg = Debug|Any CPU
		{FAA5ADC9-49ED-4949-B53B-9EC93AE35893}.Debug|Any CPU.Build.0 = Debug|Any CPU
		{FAA5ADC9-49ED-4949-B53B-9EC93AE35893}.Debug|ARM32.ActiveCfg = Debug|Any CPU
		{FAA5ADC9-49ED-4949-B53B-9EC93AE35893}.Debug|ARM32.Build.0 = Debug|Any CPU
		{FAA5ADC9-49ED-4949-B53B-9EC93AE35893}.Debug|ARM64.ActiveCfg = Debug|Any CPU
		{FAA5ADC9-49ED-4949-B53B-9EC93AE35893}.Debug|ARM64.Build.0 = Debug|Any CPU
		{FAA5ADC9-49ED-4949-B53B-9EC93AE35893}.Debug|x64.ActiveCfg = Debug|x64
		{FAA5ADC9-49ED-4949-B53B-9EC93AE35893}.Debug|x64.Build.0 = Debug|x64
		{FAA5ADC9-49ED-4949-B53B-9EC93AE35893}.Debug|x86.ActiveCfg = Debug|x86
		{FAA5ADC9-49ED-4949-B53B-9EC93AE35893}.Debug|x86.Build.0 = Debug|x86
		{FAA5ADC9-49ED-4949-B53B-9EC93AE35893}.Release|Any CPU.ActiveCfg = Release|Any CPU
		{FAA5ADC9-49ED-4949-B53B-9EC93AE35893}.Release|Any CPU.Build.0 = Release|Any CPU
		{FAA5ADC9-49ED-4949-B53B-9EC93AE35893}.Release|ARM32.ActiveCfg = Release|Any CPU
		{FAA5ADC9-49ED-4949-B53B-9EC93AE35893}.Release|ARM32.Build.0 = Release|Any CPU
		{FAA5ADC9-49ED-4949-B53B-9EC93AE35893}.Release|ARM64.ActiveCfg = Release|Any CPU
		{FAA5ADC9-49ED-4949-B53B-9EC93AE35893}.Release|ARM64.Build.0 = Release|Any CPU
		{FAA5ADC9-49ED-4949-B53B-9EC93AE35893}.Release|x64.ActiveCfg = Release|x64
		{FAA5ADC9-49ED-4949-B53B-9EC93AE35893}.Release|x64.Build.0 = Release|x64
		{FAA5ADC9-49ED-4949-B53B-9EC93AE35893}.Release|x86.ActiveCfg = Release|x86
		{FAA5ADC9-49ED-4949-B53B-9EC93AE35893}.Release|x86.Build.0 = Release|x86
	EndGlobalSection
	GlobalSection(SolutionProperties) = preSolution
		HideSolutionNode = FALSE
	EndGlobalSection
	GlobalSection(NestedProjects) = preSolution
		{1D40DF20-B233-4A06-965D-60C37410234D} = {E20ADC28-C578-4EF4-A6A2-18DCE2C40984}
		{9095333E-08E4-4C13-B556-20B5FDB9DB2A} = {E20ADC28-C578-4EF4-A6A2-18DCE2C40984}
		{300CB5E3-4B67-4CB9-95E7-B90063B517A2} = {E20ADC28-C578-4EF4-A6A2-18DCE2C40984}
		{C4E9425C-28E1-4DBF-9BF9-3303934D99BF} = {E20ADC28-C578-4EF4-A6A2-18DCE2C40984}
		{635513F8-0DBD-40DA-A903-6A8060141355} = {E20ADC28-C578-4EF4-A6A2-18DCE2C40984}
		{66E1DB18-1109-470D-9D34-8F0535B868CC} = {E20ADC28-C578-4EF4-A6A2-18DCE2C40984}
		{0B5D5BAB-1078-438B-BE35-B8792DCED8D3} = {E20ADC28-C578-4EF4-A6A2-18DCE2C40984}
		{129A4AB8-DD5A-4649-9444-BECF9A744576} = {E20ADC28-C578-4EF4-A6A2-18DCE2C40984}
		{F258C8A8-FCC6-4FB9-977F-E1153F29FF60} = {E20ADC28-C578-4EF4-A6A2-18DCE2C40984}
		{8DDA2119-BDFC-4497-8FC2-F5BA40351CD5} = {E20ADC28-C578-4EF4-A6A2-18DCE2C40984}
		{CBA7EC9A-05F6-4A5A-B759-467042EDC61C} = {E20ADC28-C578-4EF4-A6A2-18DCE2C40984}
		{1C0DD4D8-3DB3-4630-8253-EA8566686225} = {E20ADC28-C578-4EF4-A6A2-18DCE2C40984}
		{B32B821C-E6AA-4B26-8721-4CCE98C4180D} = {E20ADC28-C578-4EF4-A6A2-18DCE2C40984}
		{502B3303-640C-4176-9EB6-D48065B74D1C} = {E20ADC28-C578-4EF4-A6A2-18DCE2C40984}
		{15CF6728-7415-4B35-89B7-AC4B2397AB87} = {E20ADC28-C578-4EF4-A6A2-18DCE2C40984}
		{44F65897-A810-44E0-87C8-A27EDB7F660E} = {E20ADC28-C578-4EF4-A6A2-18DCE2C40984}
		{18C1D083-9326-4C11-B6BA-E05AD54FAC88} = {E20ADC28-C578-4EF4-A6A2-18DCE2C40984}
		{122743CF-4C7F-4B1B-8D45-D9F3264221EA} = {E20ADC28-C578-4EF4-A6A2-18DCE2C40984}
		{125BEE92-28AA-4812-B624-5BEEFC3539F3} = {E20ADC28-C578-4EF4-A6A2-18DCE2C40984}
		{234CBDA1-361F-4D60-81C2-48860C181036} = {E20ADC28-C578-4EF4-A6A2-18DCE2C40984}
		{BD86E3F8-850F-4F99-A387-1096505C3F39} = {E20ADC28-C578-4EF4-A6A2-18DCE2C40984}
		{8EF4E7A9-7E9C-4C7C-A8A1-CFC49B139441} = {E20ADC28-C578-4EF4-A6A2-18DCE2C40984}
		{EEC95FF7-8906-4A7D-BE8C-7D7374B31A0E} = {E20ADC28-C578-4EF4-A6A2-18DCE2C40984}
		{7BA86AD5-108C-41AC-A970-48589B0C2988} = {E20ADC28-C578-4EF4-A6A2-18DCE2C40984}
		{C65D14F5-2423-4CED-B741-68FAAAE6208A} = {E20ADC28-C578-4EF4-A6A2-18DCE2C40984}
		{385E6192-2A33-4E4A-BE2D-5002656308BE} = {E20ADC28-C578-4EF4-A6A2-18DCE2C40984}
		{63D52295-322F-4FFA-86B0-3BFC1A9E4C08} = {E20ADC28-C578-4EF4-A6A2-18DCE2C40984}
		{21052963-1318-4623-821F-99FC6058C39E} = {E20ADC28-C578-4EF4-A6A2-18DCE2C40984}
		{EBDD94BB-B59E-4F5D-8B65-362EE12C1F73} = {E20ADC28-C578-4EF4-A6A2-18DCE2C40984}
		{A17F10BD-E853-4397-8F2B-FC44431F63DF} = {E20ADC28-C578-4EF4-A6A2-18DCE2C40984}
		{FB283ACD-CADD-467E-A8FF-87A4B9061954} = {E20ADC28-C578-4EF4-A6A2-18DCE2C40984}
		{FAA5ADC9-49ED-4949-B53B-9EC93AE35893} = {E20ADC28-C578-4EF4-A6A2-18DCE2C40984}
	EndGlobalSection
	GlobalSection(ExtensibilityGlobals) = postSolution
		SolutionGuid = {522DE1F4-D526-46B4-A8E2-C77795F4C07A}
	EndGlobalSection
EndGlobal
